
Microsoft Visual Studio Solution File, Format Version 12.00
Project("{FAE04EC0-301F-11D3-BF4B-00C04F79EFBC}") = "Sniffer.Lib", "Sniffer.Lib\Sniffer.Lib.csproj", "{8FDF9CE4-7C3A-490A-9FFE-30121D82CC97}"
EndProject
Project("{FAE04EC0-301F-11D3-BF4B-00C04F79EFBC}") = "Sniffer.Core", "Sniffer.Core\Sniffer.Core.csproj", "{EF93DABB-677B-4B6D-B7EA-310DB46F1111}"
EndProject
Project("{FAE04EC0-301F-11D3-BF4B-00C04F79EFBC}") = "Sniffer.CLI", "Sniffer.CLI\Sniffer.CLI.csproj", "{4780BC34-2952-4CF8-8E37-1F049955D71C}"
EndProject
Project("{FAE04EC0-301F-11D3-BF4B-00C04F79EFBC}") = "ConsoleApp1", "ConsoleApp1\ConsoleApp1.csproj", "{9E10241A-9E2F-4426-8763-B919A1D8EE86}"
EndProject
Global
	GlobalSection(SolutionConfigurationPlatforms) = preSolution
		Debug|Any CPU = Debug|Any CPU
		Release|Any CPU = Release|Any CPU
	EndGlobalSection
	GlobalSection(ProjectConfigurationPlatforms) = postSolution
		{CDDB67FE-97B4-46AE-B9A3-1CE2EA64035F}.Debug|Any CPU.ActiveCfg = Debug|Any CPU
		{CDDB67FE-97B4-46AE-B9A3-1CE2EA64035F}.Debug|Any CPU.Build.0 = Debug|Any CPU
		{CDDB67FE-97B4-46AE-B9A3-1CE2EA64035F}.Release|Any CPU.ActiveCfg = Release|Any CPU
		{CDDB67FE-97B4-46AE-B9A3-1CE2EA64035F}.Release|Any CPU.Build.0 = Release|Any CPU
		{8FDF9CE4-7C3A-490A-9FFE-30121D82CC97}.Debug|Any CPU.ActiveCfg = Debug|Any CPU
		{8FDF9CE4-7C3A-490A-9FFE-30121D82CC97}.Debug|Any CPU.Build.0 = Debug|Any CPU
		{8FDF9CE4-7C3A-490A-9FFE-30121D82CC97}.Release|Any CPU.ActiveCfg = Release|Any CPU
		{8FDF9CE4-7C3A-490A-9FFE-30121D82CC97}.Release|Any CPU.Build.0 = Release|Any CPU
		{EF93DABB-677B-4B6D-B7EA-310DB46F1111}.Debug|Any CPU.ActiveCfg = Debug|Any CPU
		{EF93DABB-677B-4B6D-B7EA-310DB46F1111}.Debug|Any CPU.Build.0 = Debug|Any CPU
		{EF93DABB-677B-4B6D-B7EA-310DB46F1111}.Release|Any CPU.ActiveCfg = Release|Any CPU
		{EF93DABB-677B-4B6D-B7EA-310DB46F1111}.Release|Any CPU.Build.0 = Release|Any CPU
		{4780BC34-2952-4CF8-8E37-1F049955D71C}.Debug|Any CPU.ActiveCfg = Debug|Any CPU
		{4780BC34-2952-4CF8-8E37-1F049955D71C}.Debug|Any CPU.Build.0 = Debug|Any CPU
		{4780BC34-2952-4CF8-8E37-1F049955D71C}.Release|Any CPU.ActiveCfg = Release|Any CPU
		{4780BC34-2952-4CF8-8E37-1F049955D71C}.Release|Any CPU.Build.0 = Release|Any CPU
		{9E10241A-9E2F-4426-8763-B919A1D8EE86}.Debug|Any CPU.ActiveCfg = Debug|Any CPU
		{9E10241A-9E2F-4426-8763-B919A1D8EE86}.Debug|Any CPU.Build.0 = Debug|Any CPU
		{9E10241A-9E2F-4426-8763-B919A1D8EE86}.Release|Any CPU.ActiveCfg = Release|Any CPU
		{9E10241A-9E2F-4426-8763-B919A1D8EE86}.Release|Any CPU.Build.0 = Release|Any CPU
	EndGlobalSection
EndGlobal
