
Microsoft Visual Studio Solution File, Format Version 12.00
Project("{FAE04EC0-301F-11D3-BF4B-00C04F79EFBC}") = "Sniffer.Lib", "Sniffer.Lib\Sniffer.Lib.csproj", "{67B2750A-17DE-4A6A-8820-E0FCB424F467}"
EndProject
EndProject
Global
	GlobalSection(SolutionConfigurationPlatforms) = preSolution
		Debug|Any CPU = Debug|Any CPU
		Release|Any CPU = Release|Any CPU
	EndGlobalSection
	GlobalSection(ProjectConfigurationPlatforms) = postSolution
		{67B2750A-17DE-4A6A-8820-E0FCB424F467}.Debug|Any CPU.ActiveCfg = Debug|Any CPU
		{67B2750A-17DE-4A6A-8820-E0FCB424F467}.Debug|Any CPU.Build.0 = Debug|Any CPU
		{67B2750A-17DE-4A6A-8820-E0FCB424F467}.Release|Any CPU.ActiveCfg = Release|Any CPU
		{67B2750A-17DE-4A6A-8820-E0FCB424F467}.Release|Any CPU.Build.0 = Release|Any CPU
		{BC447A01-1E32-410A-A5ED-C54CA2370864}.Debug|Any CPU.ActiveCfg = Debug|Any CPU
		{BC447A01-1E32-410A-A5ED-C54CA2370864}.Debug|Any CPU.Build.0 = Debug|Any CPU
		{BC447A01-1E32-410A-A5ED-C54CA2370864}.Release|Any CPU.ActiveCfg = Release|Any CPU
		{BC447A01-1E32-410A-A5ED-C54CA2370864}.Release|Any CPU.Build.0 = Release|Any CPU
		{F9055DC6-BC49-4E7B-A6F4-3C7B489E8F1A}.Debug|Any CPU.ActiveCfg = Debug|Any CPU
		{F9055DC6-BC49-4E7B-A6F4-3C7B489E8F1A}.Debug|Any CPU.Build.0 = Debug|Any CPU
		{F9055DC6-BC49-4E7B-A6F4-3C7B489E8F1A}.Release|Any CPU.ActiveCfg = Release|Any CPU
		{F9055DC6-BC49-4E7B-A6F4-3C7B489E8F1A}.Release|Any CPU.Build.0 = Release|Any CPU
	EndGlobalSection
EndGlobal
